<?xml version="1.0" encoding="utf-8"?>
<Project ToolsVersion="4.0" xmlns="http://schemas.microsoft.com/developer/msbuild/2003">
  <ItemGroup>
    <Filter Include="Source Files">
      <UniqueIdentifier>{4FC737F1-C7A5-4376-A066-2A32D752A2FF}</UniqueIdentifier>
      <Extensions>cpp;c;cc;cxx;c++;cppm;ixx;def;odl;idl;hpj;bat;asm;asmx</Extensions>
    </Filter>
    <Filter Include="Header Files">
      <UniqueIdentifier>{93995380-89BD-4b04-88EB-625FBE52EBFB}</UniqueIdentifier>
      <Extensions>h;hh;hpp;hxx;h++;hm;inl;inc;ipp;xsd</Extensions>
    </Filter>
    <Filter Include="Resource Files">
      <UniqueIdentifier>{67DA6AB6-F800-4c08-8B7A-83BB121AAD01}</UniqueIdentifier>
      <Extensions>rc;ico;cur;bmp;dlg;rc2;rct;bin;rgs;gif;jpg;jpeg;jpe;resx;tiff;tif;png;wav;mfcribbon-ms</Extensions>
    </Filter>
    <Filter Include="Header Files\bz2">
      <UniqueIdentifier>{906d0004-b8f7-4212-855f-f6b6b41d27b1}</UniqueIdentifier>
    </Filter>
    <Filter Include="Header Files\gz">
      <UniqueIdentifier>{b70027dd-9c36-4899-8e9e-bfc41290bf4f}</UniqueIdentifier>
    </Filter>
  </ItemGroup>
  <ItemGroup>
    <ClCompile Include="bzip2\blocksort.c">
      <Filter>Header Files\bz2</Filter>
    </ClCompile>
    <ClCompile Include="bzip2\bz_compress.c">
      <Filter>Header Files\bz2</Filter>
    </ClCompile>
    <ClCompile Include="bzip2\bzlib.c">
      <Filter>Header Files\bz2</Filter>
    </ClCompile>
    <ClCompile Include="bzip2\crctable.c">
      <Filter>Header Files\bz2</Filter>
    </ClCompile>
    <ClCompile Include="bzip2\decompress.c">
      <Filter>Header Files\bz2</Filter>
    </ClCompile>
    <ClCompile Include="bzip2\huffman.c">
      <Filter>Header Files\bz2</Filter>
    </ClCompile>
    <ClCompile Include="bzip2\randtable.c">
      <Filter>Header Files\bz2</Filter>
    </ClCompile>
    <ClCompile Include="zlib\adler32.c">
      <Filter>Header Files\gz</Filter>
    </ClCompile>
    <ClCompile Include="zlib\crc32.c">
      <Filter>Header Files\gz</Filter>
    </ClCompile>
    <ClCompile Include="zlib\deflate.c">
      <Filter>Header Files\gz</Filter>
    </ClCompile>
    <ClCompile Include="zlib\gz_compress.c">
      <Filter>Header Files\gz</Filter>
    </ClCompile>
    <ClCompile Include="zlib\gzclose.c">
      <Filter>Header Files\gz</Filter>
    </ClCompile>
    <ClCompile Include="zlib\gzlib.c">
      <Filter>Header Files\gz</Filter>
    </ClCompile>
    <ClCompile Include="zlib\gzread.c">
      <Filter>Header Files\gz</Filter>
    </ClCompile>
    <ClCompile Include="zlib\gzwrite.c">
      <Filter>Header Files\gz</Filter>
    </ClCompile>
    <ClCompile Include="zlib\infback.c">
      <Filter>Header Files\gz</Filter>
    </ClCompile>
    <ClCompile Include="zlib\inffast.c">
      <Filter>Header Files\gz</Filter>
    </ClCompile>
    <ClCompile Include="zlib\inflate.c">
      <Filter>Header Files\gz</Filter>
    </ClCompile>
    <ClCompile Include="zlib\inftrees.c">
      <Filter>Header Files\gz</Filter>
    </ClCompile>
    <ClCompile Include="zlib\trees.c">
      <Filter>Header Files\gz</Filter>
    </ClCompile>
    <ClCompile Include="zlib\uncompr.c">
      <Filter>Header Files\gz</Filter>
    </ClCompile>
    <ClCompile Include="zlib\zutil.c">
      <Filter>Header Files\gz</Filter>
    </ClCompile>
    <ClCompile Include="file_parser.cpp">
      <Filter>Source Files</Filter>
    </ClCompile>
    <ClCompile Include="nuc2bin.cpp">
      <Filter>Source Files</Filter>
    </ClCompile>
    <ClCompile Include="phred.cpp">
      <Filter>Source Files</Filter>
    </ClCompile>
    <ClCompile Include="isomer.cpp">
      <Filter>Source Files</Filter>
    </ClCompile>
    <ClCompile Include="gtf.cpp">
      <Filter>Source Files</Filter>
    </ClCompile>
    <ClCompile Include="gtf_parser.cpp">
      <Filter>Source Files</Filter>
    </ClCompile>
    <ClCompile Include="kmer_creator.cpp">
      <Filter>Source Files</Filter>
    </ClCompile>
    <ClCompile Include="flat_kmers.cpp">
      <Filter>Source Files</Filter>
    </ClCompile>
    <ClCompile Include="kmer_base.cpp">
      <Filter>Source Files</Filter>
    </ClCompile>
    <ClCompile Include="MurmurHash3.cpp">
      <Filter>Source Files</Filter>
    </ClCompile>
    <ClCompile Include="read_extractor.cpp">
      <Filter>Source Files</Filter>
    </ClCompile>
  </ItemGroup>
  <ItemGroup>
    <ClInclude Include="bzip2\bzlib.h">
      <Filter>Header Files\bz2</Filter>
    </ClInclude>
    <ClInclude Include="bzip2\bzlib_private.h">
      <Filter>Header Files\bz2</Filter>
    </ClInclude>
    <ClInclude Include="zlib\crc32.h">
      <Filter>Header Files\gz</Filter>
    </ClInclude>
    <ClInclude Include="zlib\deflate.h">
      <Filter>Header Files\gz</Filter>
    </ClInclude>
    <ClInclude Include="zlib\gzguts.h">
      <Filter>Header Files\gz</Filter>
    </ClInclude>
    <ClInclude Include="zlib\inffast.h">
      <Filter>Header Files\gz</Filter>
    </ClInclude>
    <ClInclude Include="zlib\inffixed.h">
      <Filter>Header Files\gz</Filter>
    </ClInclude>
    <ClInclude Include="zlib\inflate.h">
      <Filter>Header Files\gz</Filter>
    </ClInclude>
    <ClInclude Include="zlib\inftrees.h">
      <Filter>Header Files\gz</Filter>
    </ClInclude>
    <ClInclude Include="zlib\trees.h">
      <Filter>Header Files\gz</Filter>
    </ClInclude>
    <ClInclude Include="zlib\zconf.h">
      <Filter>Header Files\gz</Filter>
    </ClInclude>
    <ClInclude Include="zlib\zlib.h">
      <Filter>Header Files\gz</Filter>
    </ClInclude>
    <ClInclude Include="zlib\zutil.h">
      <Filter>Header Files\gz</Filter>
    </ClInclude>
    <ClInclude Include="file_parser.h">
      <Filter>Header Files</Filter>
    </ClInclude>
    <ClInclude Include="tmp_task.h">
      <Filter>Header Files</Filter>
    </ClInclude>
    <ClInclude Include="nuc2bin.h">
      <Filter>Header Files</Filter>
    </ClInclude>
    <ClInclude Include="phred.h">
      <Filter>Header Files</Filter>
    </ClInclude>
    <ClInclude Include="gtf.h">
      <Filter>Header Files</Filter>
    </ClInclude>
    <ClInclude Include="gtf_parser.h">
      <Filter>Header Files</Filter>
    </ClInclude>
    <ClInclude Include="kmer_creator.h">
      <Filter>Header Files</Filter>
    </ClInclude>
    <ClInclude Include="flat_kmers.h">
      <Filter>Header Files</Filter>
    </ClInclude>
    <ClInclude Include="kmer_base.h">
      <Filter>Header Files</Filter>
    </ClInclude>
    <ClInclude Include="MurmurHash3.h">
      <Filter>Header Files</Filter>
    </ClInclude>
    <ClInclude Include="read_extractor.h">
      <Filter>Header Files</Filter>
    </ClInclude>
  </ItemGroup>
</Project>